
Microsoft Visual Studio Solution File, Format Version 12.00
# Visual Studio Version 17
VisualStudioVersion = 17.14.36811.4 d17.14
MinimumVisualStudioVersion = 10.0.40219.1
Project("{FAE04EC0-301F-11D3-BF4B-00C04F79EFBC}") = "Bilet16", "Bilet16.csproj", "{7AD236C4-F766-4240-B24D-294A02AA37AA}"
EndProject
Global
	GlobalSection(SolutionConfigurationPlatforms) = preSolution
		Debug|Any CPU = Debug|Any CPU
		Release|Any CPU = Release|Any CPU
	EndGlobalSection
	GlobalSection(ProjectConfigurationPlatforms) = postSolution
		{7AD236C4-F766-4240-B24D-294A02AA37AA}.Debug|Any CPU.ActiveCfg = Debug|Any CPU
		{7AD236C4-F766-4240-B24D-294A02AA37AA}.Debug|Any CPU.Build.0 = Debug|Any CPU
		{7AD236C4-F766-4240-B24D-294A02AA37AA}.Release|Any CPU.ActiveCfg = Release|Any CPU
		{7AD236C4-F766-4240-B24D-294A02AA37AA}.Release|Any CPU.Build.0 = Release|Any CPU
	EndGlobalSection
	GlobalSection(SolutionProperties) = preSolution
		HideSolutionNode = FALSE
	EndGlobalSection
	GlobalSection(ExtensibilityGlobals) = postSolution
		SolutionGuid = {CD77C6B5-666F-4128-9308-E62519E667F7}
	EndGlobalSection
EndGlobal
